
Microsoft Visual Studio Solution File, Format Version 12.00
# Visual Studio 2012
Project("{FAE04EC0-301F-11D3-BF4B-00C04F79EFBC}") = "LocalAppenings_Droid", "LocalAppenings_Droid\LocalAppenings_Droid.csproj", "{53DDB663-ED23-4587-9988-996700973981}"
EndProject
Project("{FAE04EC0-301F-11D3-BF4B-00C04F79EFBC}") = "LocalAppenings_Droid_Tests", "LocalAppenings_Droid_Tests\LocalAppenings_Droid_Tests.csproj", "{DE09B33E-AEEA-43F0-9B2A-933D6DD0F5C7}"
EndProject
Global
	GlobalSection(SolutionConfigurationPlatforms) = preSolution
		Debug|Any CPU = Debug|Any CPU
		Release|Any CPU = Release|Any CPU
		Default|Any CPU = Default|Any CPU
	EndGlobalSection
	GlobalSection(ProjectConfigurationPlatforms) = postSolution
		{53DDB663-ED23-4587-9988-996700973981}.Debug|Any CPU.ActiveCfg = Debug|Any CPU
		{53DDB663-ED23-4587-9988-996700973981}.Debug|Any CPU.Build.0 = Debug|Any CPU
		{53DDB663-ED23-4587-9988-996700973981}.Default|Any CPU.ActiveCfg = Debug|Any CPU
		{53DDB663-ED23-4587-9988-996700973981}.Default|Any CPU.Build.0 = Debug|Any CPU
		{53DDB663-ED23-4587-9988-996700973981}.Release|Any CPU.ActiveCfg = Release|Any CPU
		{53DDB663-ED23-4587-9988-996700973981}.Release|Any CPU.Build.0 = Release|Any CPU
		{DE09B33E-AEEA-43F0-9B2A-933D6DD0F5C7}.Debug|Any CPU.ActiveCfg = Debug|Any CPU
		{DE09B33E-AEEA-43F0-9B2A-933D6DD0F5C7}.Debug|Any CPU.Build.0 = Debug|Any CPU
		{DE09B33E-AEEA-43F0-9B2A-933D6DD0F5C7}.Default|Any CPU.ActiveCfg = Debug|Any CPU
		{DE09B33E-AEEA-43F0-9B2A-933D6DD0F5C7}.Default|Any CPU.Build.0 = Debug|Any CPU
		{DE09B33E-AEEA-43F0-9B2A-933D6DD0F5C7}.Release|Any CPU.ActiveCfg = Release|Any CPU
		{DE09B33E-AEEA-43F0-9B2A-933D6DD0F5C7}.Release|Any CPU.Build.0 = Release|Any CPU
	EndGlobalSection
	GlobalSection(MonoDevelopProperties) = preSolution
		StartupItem = LocalAppenings_Droid\LocalAppenings_Droid.csproj
	EndGlobalSection
EndGlobal
